
Microsoft Visual Studio Solution File, Format Version 12.00
# Visual Studio 2013
VisualStudioVersion = 12.0.31101.0
MinimumVisualStudioVersion = 10.0.40219.1
Project("{FAE04EC0-301F-11D3-BF4B-00C04F79EFBC}") = "Crystal-Server", "Crystal-Server.csproj", "{BD53996E-E8F9-4998-8A46-DEF4F1A58DAB}"
EndProject
Project("{FAE04EC0-301F-11D3-BF4B-00C04F79EFBC}") = "Crystal-Module", "..\Crystal-Module\Crystal-Module.csproj", "{843DCB82-748D-40C0-B693-4092CA7FD0BA}"
EndProject
Project("{6141683F-8A12-4E36-9623-2EB02B2C2303}") = "Crystal-Install", "..\Crystal-Install\Crystal-Install.isproj", "{78687183-B72B-42F9-A6CC-B8E402337590}"
	ProjectSection(ProjectDependencies) = postProject
		{BD53996E-E8F9-4998-8A46-DEF4F1A58DAB} = {BD53996E-E8F9-4998-8A46-DEF4F1A58DAB}
	EndProjectSection
EndProject
Global
	GlobalSection(SolutionConfigurationPlatforms) = preSolution
		CD_ROM|Any CPU = CD_ROM|Any CPU
		Debug|Any CPU = Debug|Any CPU
		DVD-5|Any CPU = DVD-5|Any CPU
		Release|Any CPU = Release|Any CPU
		SingleImage|Any CPU = SingleImage|Any CPU
	EndGlobalSection
	GlobalSection(ProjectConfigurationPlatforms) = postSolution
		{BD53996E-E8F9-4998-8A46-DEF4F1A58DAB}.CD_ROM|Any CPU.ActiveCfg = Release|Any CPU
		{BD53996E-E8F9-4998-8A46-DEF4F1A58DAB}.CD_ROM|Any CPU.Build.0 = Release|Any CPU
		{BD53996E-E8F9-4998-8A46-DEF4F1A58DAB}.Debug|Any CPU.ActiveCfg = Debug|Any CPU
		{BD53996E-E8F9-4998-8A46-DEF4F1A58DAB}.Debug|Any CPU.Build.0 = Debug|Any CPU
		{BD53996E-E8F9-4998-8A46-DEF4F1A58DAB}.DVD-5|Any CPU.ActiveCfg = Debug|Any CPU
		{BD53996E-E8F9-4998-8A46-DEF4F1A58DAB}.DVD-5|Any CPU.Build.0 = Debug|Any CPU
		{BD53996E-E8F9-4998-8A46-DEF4F1A58DAB}.Release|Any CPU.ActiveCfg = Release|Any CPU
		{BD53996E-E8F9-4998-8A46-DEF4F1A58DAB}.Release|Any CPU.Build.0 = Release|Any CPU
		{BD53996E-E8F9-4998-8A46-DEF4F1A58DAB}.SingleImage|Any CPU.ActiveCfg = Release|Any CPU
		{BD53996E-E8F9-4998-8A46-DEF4F1A58DAB}.SingleImage|Any CPU.Build.0 = Release|Any CPU
		{843DCB82-748D-40C0-B693-4092CA7FD0BA}.CD_ROM|Any CPU.ActiveCfg = Release|Any CPU
		{843DCB82-748D-40C0-B693-4092CA7FD0BA}.CD_ROM|Any CPU.Build.0 = Release|Any CPU
		{843DCB82-748D-40C0-B693-4092CA7FD0BA}.Debug|Any CPU.ActiveCfg = Debug|Any CPU
		{843DCB82-748D-40C0-B693-4092CA7FD0BA}.Debug|Any CPU.Build.0 = Debug|Any CPU
		{843DCB82-748D-40C0-B693-4092CA7FD0BA}.DVD-5|Any CPU.ActiveCfg = Debug|Any CPU
		{843DCB82-748D-40C0-B693-4092CA7FD0BA}.DVD-5|Any CPU.Build.0 = Debug|Any CPU
		{843DCB82-748D-40C0-B693-4092CA7FD0BA}.Release|Any CPU.ActiveCfg = Release|Any CPU
		{843DCB82-748D-40C0-B693-4092CA7FD0BA}.Release|Any CPU.Build.0 = Release|Any CPU
		{843DCB82-748D-40C0-B693-4092CA7FD0BA}.SingleImage|Any CPU.ActiveCfg = Release|Any CPU
		{843DCB82-748D-40C0-B693-4092CA7FD0BA}.SingleImage|Any CPU.Build.0 = Release|Any CPU
		{78687183-B72B-42F9-A6CC-B8E402337590}.CD_ROM|Any CPU.ActiveCfg = CD_ROM
		{78687183-B72B-42F9-A6CC-B8E402337590}.CD_ROM|Any CPU.Build.0 = CD_ROM
		{78687183-B72B-42F9-A6CC-B8E402337590}.Debug|Any CPU.ActiveCfg = DVD-5
		{78687183-B72B-42F9-A6CC-B8E402337590}.Debug|Any CPU.Build.0 = DVD-5
		{78687183-B72B-42F9-A6CC-B8E402337590}.DVD-5|Any CPU.ActiveCfg = DVD-5
		{78687183-B72B-42F9-A6CC-B8E402337590}.DVD-5|Any CPU.Build.0 = DVD-5
		{78687183-B72B-42F9-A6CC-B8E402337590}.Release|Any CPU.ActiveCfg = SingleImage
		{78687183-B72B-42F9-A6CC-B8E402337590}.Release|Any CPU.Build.0 = SingleImage
		{78687183-B72B-42F9-A6CC-B8E402337590}.SingleImage|Any CPU.ActiveCfg = SingleImage
		{78687183-B72B-42F9-A6CC-B8E402337590}.SingleImage|Any CPU.Build.0 = SingleImage
	EndGlobalSection
	GlobalSection(SolutionProperties) = preSolution
		HideSolutionNode = FALSE
	EndGlobalSection
EndGlobal
