
Microsoft Visual Studio Solution File, Format Version 12.00
# Visual Studio 2013
VisualStudioVersion = 12.0.31101.0
MinimumVisualStudioVersion = 10.0.40219.1
Project("{FAE04EC0-301F-11D3-BF4B-00C04F79EFBC}") = "Crystal-Server", "Crystal-Server.csproj", "{BD53996E-E8F9-4998-8A46-DEF4F1A58DAB}"
EndProject
Project("{FAE04EC0-301F-11D3-BF4B-00C04F79EFBC}") = "Crystal-Module", "..\Crystal-Module\Crystal-Module.csproj", "{843DCB82-748D-40C0-B693-4092CA7FD0BA}"
EndProject
Global
	GlobalSection(SolutionConfigurationPlatforms) = preSolution
		CD_ROM|Any CPU = CD_ROM|Any CPU
		Debug|Any CPU = Debug|Any CPU
		DVD-5|Any CPU = DVD-5|Any CPU
		Release|Any CPU = Release|Any CPU
		SingleImage|Any CPU = SingleImage|Any CPU
	EndGlobalSection
	GlobalSection(ProjectConfigurationPlatforms) = postSolution
		{BD53996E-E8F9-4998-8A46-DEF4F1A58DAB}.CD_ROM|Any CPU.ActiveCfg = Release|Any CPU
		{BD53996E-E8F9-4998-8A46-DEF4F1A58DAB}.CD_ROM|Any CPU.Build.0 = Release|Any CPU
		{BD53996E-E8F9-4998-8A46-DEF4F1A58DAB}.Debug|Any CPU.ActiveCfg = Debug|Any CPU
		{BD53996E-E8F9-4998-8A46-DEF4F1A58DAB}.Debug|Any CPU.Build.0 = Debug|Any CPU
		{BD53996E-E8F9-4998-8A46-DEF4F1A58DAB}.DVD-5|Any CPU.ActiveCfg = Debug|Any CPU
		{BD53996E-E8F9-4998-8A46-DEF4F1A58DAB}.DVD-5|Any CPU.Build.0 = Debug|Any CPU
		{BD53996E-E8F9-4998-8A46-DEF4F1A58DAB}.Release|Any CPU.ActiveCfg = Release|Any CPU
		{BD53996E-E8F9-4998-8A46-DEF4F1A58DAB}.Release|Any CPU.Build.0 = Release|Any CPU
		{BD53996E-E8F9-4998-8A46-DEF4F1A58DAB}.SingleImage|Any CPU.ActiveCfg = Release|Any CPU
		{BD53996E-E8F9-4998-8A46-DEF4F1A58DAB}.SingleImage|Any CPU.Build.0 = Release|Any CPU
		{843DCB82-748D-40C0-B693-4092CA7FD0BA}.CD_ROM|Any CPU.ActiveCfg = Release|Any CPU
		{843DCB82-748D-40C0-B693-4092CA7FD0BA}.CD_ROM|Any CPU.Build.0 = Release|Any CPU
		{843DCB82-748D-40C0-B693-4092CA7FD0BA}.Debug|Any CPU.ActiveCfg = Debug|Any CPU
		{843DCB82-748D-40C0-B693-4092CA7FD0BA}.Debug|Any CPU.Build.0 = Debug|Any CPU
		{843DCB82-748D-40C0-B693-4092CA7FD0BA}.DVD-5|Any CPU.ActiveCfg = Debug|Any CPU
		{843DCB82-748D-40C0-B693-4092CA7FD0BA}.DVD-5|Any CPU.Build.0 = Debug|Any CPU
		{843DCB82-748D-40C0-B693-4092CA7FD0BA}.Release|Any CPU.ActiveCfg = Release|Any CPU
		{843DCB82-748D-40C0-B693-4092CA7FD0BA}.Release|Any CPU.Build.0 = Release|Any CPU
		{843DCB82-748D-40C0-B693-4092CA7FD0BA}.SingleImage|Any CPU.ActiveCfg = Release|Any CPU
		{843DCB82-748D-40C0-B693-4092CA7FD0BA}.SingleImage|Any CPU.Build.0 = Release|Any CPU
	EndGlobalSection
	GlobalSection(SolutionProperties) = preSolution
		HideSolutionNode = FALSE
	EndGlobalSection
EndGlobal
